
Microsoft Visual Studio Solution File, Format Version 12.00
# Visual Studio Version 17
VisualStudioVersion = 17.14.36414.22 d17.14
MinimumVisualStudioVersion = 10.0.40219.1
Project("{FAE04EC0-301F-11D3-BF4B-00C04F79EFBC}") = "BackendPrueba", "BackendPrueba\BackendPrueba.csproj", "{2353E077-2809-46D0-846B-30BFE939824D}"
EndProject
Global
	GlobalSection(SolutionConfigurationPlatforms) = preSolution
		Debug|Any CPU = Debug|Any CPU
		Release|Any CPU = Release|Any CPU
	EndGlobalSection
	GlobalSection(ProjectConfigurationPlatforms) = postSolution
		{2353E077-2809-46D0-846B-30BFE939824D}.Debug|Any CPU.ActiveCfg = Debug|Any CPU
		{2353E077-2809-46D0-846B-30BFE939824D}.Debug|Any CPU.Build.0 = Debug|Any CPU
		{2353E077-2809-46D0-846B-30BFE939824D}.Release|Any CPU.ActiveCfg = Release|Any CPU
		{2353E077-2809-46D0-846B-30BFE939824D}.Release|Any CPU.Build.0 = Release|Any CPU
	EndGlobalSection
	GlobalSection(SolutionProperties) = preSolution
		HideSolutionNode = FALSE
	EndGlobalSection
	GlobalSection(ExtensibilityGlobals) = postSolution
		SolutionGuid = {DF88C6FD-A5FF-4CAA-960C-C88BD1CAEEB2}
	EndGlobalSection
EndGlobal
